{
  "name": "ai-engineering-platform",
  "version": "1.0.0",
  "lockfileVersion": 3,
  "requires": true,
  "packages": {
    "": {
      "name": "ai-engineering-platform",
      "version": "1.0.0",
      "license": "MIT",
      "workspaces": [
        "platform"
      ],
      "bin": {
        "aiep": "platform/bin/aiep.mjs"
      },
      "engines": {
        "node": ">=20"
      }
    },
    "node_modules/@ai-engineering-platform/core": {
      "resolved": "platform",
      "link": true
    },
    "platform": {
      "name": "@ai-engineering-platform/core",
      "version": "1.0.0",
      "engines": {
        "node": ">=20"
      }
    }
  }
}
